<?xml version="1.0" encoding="utf-8"?>
<Project ToolsVersion="4.0" xmlns="http://schemas.microsoft.com/developer/msbuild/2003">
  <ItemGroup>
    <ClCompile Include="Camera.cpp">
      <Filter>camera</Filter>
    </ClCompile>
    <ClCompile Include="shader_loader.cpp">
      <Filter>shader</Filter>
    </ClCompile>
    <ClCompile Include="Game.cpp">
      <Filter>game</Filter>
    </ClCompile>
    <ClCompile Include="main.cpp" />
  </ItemGroup>
  <ItemGroup>
    <ClInclude Include="Constants.h" />
    <ClInclude Include="Camera.h">
      <Filter>camera</Filter>
    </ClInclude>
    <ClInclude Include="Logger.h">
      <Filter>pkg</Filter>
    </ClInclude>
    <ClInclude Include="Model.h">
      <Filter>model</Filter>
    </ClInclude>
    <ClInclude Include="Mesh.h">
      <Filter>model</Filter>
    </ClInclude>
    <ClInclude Include="shader_loader.h">
      <Filter>shader</Filter>
    </ClInclude>
    <ClInclude Include="Game.h">
      <Filter>game</Filter>
    </ClInclude>
    <ClInclude Include="Primitive.h">
      <Filter>model</Filter>
    </ClInclude>
    <ClInclude Include="Skybox.h">
      <Filter>model</Filter>
    </ClInclude>
    <ClInclude Include="Light.h">
      <Filter>model</Filter>
    </ClInclude>
  </ItemGroup>
  <ItemGroup>
    <Filter Include="camera">
      <UniqueIdentifier>{ea5055b4-4c99-400e-8e7f-6bce6144a753}</UniqueIdentifier>
    </Filter>
    <Filter Include="pkg">
      <UniqueIdentifier>{c6b18ddb-77d0-4dae-9676-a5bbb3bfe062}</UniqueIdentifier>
    </Filter>
    <Filter Include="model">
      <UniqueIdentifier>{083ba1ad-6f25-434d-b612-c3bae1389f38}</UniqueIdentifier>
    </Filter>
    <Filter Include="shader">
      <UniqueIdentifier>{257d3255-dbd2-47ac-8f2e-198343ad7986}</UniqueIdentifier>
    </Filter>
    <Filter Include="game">
      <UniqueIdentifier>{5401bd8e-2866-4634-9143-f7a1dc7ecfc3}</UniqueIdentifier>
    </Filter>
  </ItemGroup>
</Project>